{
  "name": "foo",
  "version": "0.0.0",
  "lockfileVersion": 1,
  "requires": true,
  "dependencies": {
    "zod": {
      "version": "3.3.4",
      "resolved": "https://registry.npmjs.org/zod/-/zod-3.3.4.tgz",
      "integrity": "sha512-g5V20IUn3QBpbMKjZxKp58ocUOO9/L0OlJ5+rl84QSeN6tK5ea/yQboYA59t2D8Puc/qVyz4YflhCgqR2uMtaA=="
    }
  }
}
